
Microsoft Visual Studio Solution File, Format Version 12.00
# Visual Studio 15
VisualStudioVersion = 15.0.28010.2050
MinimumVisualStudioVersion = 10.0.40219.1
Project("{8BC9CEB8-8B4A-11D0-8D11-00A0C91BC942}") = "Ticket Management System", "Ticket Management System\Ticket Management System.vcxproj", "{BCF3B1AC-70F1-40FD-8EF0-6730B6E2D4E7}"
	ProjectSection(ProjectDependencies) = postProject
		{89D83897-0975-48DC-B3E1-FE80E58AB5A1} = {89D83897-0975-48DC-B3E1-FE80E58AB5A1}
	EndProjectSection
EndProject
Project("{8BC9CEB8-8B4A-11D0-8D11-00A0C91BC942}") = "LeanSQL", "..\leansql\LeanSQL\LeanSQL.vcxproj", "{89D83897-0975-48DC-B3E1-FE80E58AB5A1}"
EndProject
Global
	GlobalSection(SolutionConfigurationPlatforms) = preSolution
		Debug|x64 = Debug|x64
		Debug|x86 = Debug|x86
		Release|x64 = Release|x64
		Release|x86 = Release|x86
	EndGlobalSection
	GlobalSection(ProjectConfigurationPlatforms) = postSolution
		{BCF3B1AC-70F1-40FD-8EF0-6730B6E2D4E7}.Debug|x64.ActiveCfg = Debug|x64
		{BCF3B1AC-70F1-40FD-8EF0-6730B6E2D4E7}.Debug|x64.Build.0 = Debug|x64
		{BCF3B1AC-70F1-40FD-8EF0-6730B6E2D4E7}.Debug|x86.ActiveCfg = Debug|Win32
		{BCF3B1AC-70F1-40FD-8EF0-6730B6E2D4E7}.Debug|x86.Build.0 = Debug|Win32
		{BCF3B1AC-70F1-40FD-8EF0-6730B6E2D4E7}.Release|x64.ActiveCfg = Release|x64
		{BCF3B1AC-70F1-40FD-8EF0-6730B6E2D4E7}.Release|x64.Build.0 = Release|x64
		{BCF3B1AC-70F1-40FD-8EF0-6730B6E2D4E7}.Release|x86.ActiveCfg = Release|Win32
		{BCF3B1AC-70F1-40FD-8EF0-6730B6E2D4E7}.Release|x86.Build.0 = Release|Win32
		{89D83897-0975-48DC-B3E1-FE80E58AB5A1}.Debug|x64.ActiveCfg = Debug|x64
		{89D83897-0975-48DC-B3E1-FE80E58AB5A1}.Debug|x64.Build.0 = Debug|x64
		{89D83897-0975-48DC-B3E1-FE80E58AB5A1}.Debug|x86.ActiveCfg = Debug|Win32
		{89D83897-0975-48DC-B3E1-FE80E58AB5A1}.Debug|x86.Build.0 = Debug|Win32
		{89D83897-0975-48DC-B3E1-FE80E58AB5A1}.Release|x64.ActiveCfg = Release|x64
		{89D83897-0975-48DC-B3E1-FE80E58AB5A1}.Release|x64.Build.0 = Release|x64
		{89D83897-0975-48DC-B3E1-FE80E58AB5A1}.Release|x86.ActiveCfg = Release|Win32
		{89D83897-0975-48DC-B3E1-FE80E58AB5A1}.Release|x86.Build.0 = Release|Win32
	EndGlobalSection
	GlobalSection(SolutionProperties) = preSolution
		HideSolutionNode = FALSE
	EndGlobalSection
	GlobalSection(ExtensibilityGlobals) = postSolution
		SolutionGuid = {360D4C7C-5609-4D5C-A0BD-C71D6F7AA219}
	EndGlobalSection
EndGlobal
